// !$*UTF8*$!
{
	archiveVersion = 1;
	classes = {
	};
	objectVersion = 46;
	objects = {

/* Begin PBXBuildFile section */
		CF9DBD311E155E8A006D94F6 /* main.m in Sources */ = {isa = PBXBuildFile; fileRef = CF9DBD301E155E8A006D94F6 /* main.m */; };
		CF9DBD341E155E8A006D94F6 /* AppDelegate.m in Sources */ = {isa = PBXBuildFile; fileRef = CF9DBD331E155E8A006D94F6 /* AppDelegate.m */; };
		CF9DBD371E155E8A006D94F6 /* ViewController.m in Sources */ = {isa = PBXBuildFile; fileRef = CF9DBD361E155E8A006D94F6 /* ViewController.m */; };
		CF9DBD3A1E155E8A006D94F6 /* Main.storyboard in Resources */ = {isa = PBXBuildFile; fileRef = CF9DBD381E155E8A006D94F6 /* Main.storyboard */; };
		CF9DBD3C1E155E8A006D94F6 /* Assets.xcassets in Resources */ = {isa = PBXBuildFile; fileRef = CF9DBD3B1E155E8A006D94F6 /* Assets.xcassets */; };
		CF9DBD3F1E155E8A006D94F6 /* LaunchScreen.storyboard in Resources */ = {isa = PBXBuildFile; fileRef = CF9DBD3D1E155E8A006D94F6 /* LaunchScreen.storyboard */; };
		CF9DBD481E1560F2006D94F6 /* Person.m in Sources */ = {isa = PBXBuildFile; fileRef = CF9DBD471E1560F2006D94F6 /* Person.m */; };
/* End PBXBuildFile section */

/* Begin PBXFileReference section */
		CF9DBD2C1E155E8A006D94F6 /* test.app */ = {isa = PBXFileReference; explicitFileType = wrapper.application; includeInIndex = 0; path = test.app; sourceTree = BUILT_PRODUCTS_DIR; };
		CF9DBD301E155E8A006D94F6 /* main.m */ = {isa = PBXFileReference; lastKnownFileType = sourcecode.c.objc; path = main.m; sourceTree = "<group>"; };
		CF9DBD321E155E8A006D94F6 /* AppDelegate.h */ = {isa = PBXFileReference; lastKnownFileType = sourcecode.c.h; path = AppDelegate.h; sourceTree = "<group>"; };
		CF9DBD331E155E8A006D94F6 /* AppDelegate.m */ = {isa = PBXFileReference; lastKnownFileType = sourcecode.c.objc; path = AppDelegate.m; sourceTree = "<group>"; };
		CF9DBD351E155E8A006D94F6 /* ViewController.h */ = {isa = PBXFileReference; lastKnownFileType = sourcecode.c.h; path = ViewController.h; sourceTree = "<group>"; };
		CF9DBD361E155E8A006D94F6 /* ViewController.m */ = {isa = PBXFileReference; lastKnownFileType = sourcecode.c.objc; path = ViewController.m; sourceTree = "<group>"; };
		CF9DBD391E155E8A006D94F6 /* Base */ = {isa = PBXFileReference; lastKnownFileType = file.storyboard; name = Base; path = Base.lproj/Main.storyboard; sourceTree = "<group>"; };
		CF9DBD3B1E155E8A006D94F6 /* Assets.xcassets */ = {isa = PBXFileReference; lastKnownFileType = folder.assetcatalog; path = Assets.xcassets; sourceTree = "<group>"; };
		CF9DBD3E1E155E8A006D94F6 /* Base */ = {isa = PBXFileReference; lastKnownFileType = file.storyboard; name = Base; path = Base.lproj/LaunchScreen.storyboard; sourceTree = "<group>"; };
		CF9DBD401E155E8A006D94F6 /* Info.plist */ = {isa = PBXFileReference; lastKnownFileType = text.plist.xml; path = Info.plist; sourceTree = "<group>"; };
		CF9DBD461E1560F2006D94F6 /* Person.h */ = {isa = PBXFileReference; fileEncoding = 4; lastKnownFileType = sourcecode.c.h; path = Person.h; sourceTree = "<group>"; };
		CF9DBD471E1560F2006D94F6 /* Person.m */ = {isa = PBXFileReference; fileEncoding = 4; lastKnownFileType = sourcecode.c.objc; path = Person.m; sourceTree = "<group>"; };
/* End PBXFileReference section */

/* Begin PBXFrameworksBuildPhase section */
		CF9DBD291E155E8A006D94F6 /* Frameworks */ = {
			isa = PBXFrameworksBuildPhase;
			buildActionMask = 2147483647;
			files = (
			);
			runOnlyForDeploymentPostprocessing = 0;
		};
/* End PBXFrameworksBuildPhase section */

/* Begin PBXGroup section */
		CF9DBD231E155E89006D94F6 = {
			isa = PBXGroup;
			children = (
				CF9DBD2E1E155E8A006D94F6 /* test */,
				CF9DBD2D1E155E8A006D94F6 /* Products */,
			);
			sourceTree = "<group>";
		};
		CF9DBD2D1E155E8A006D94F6 /* Products */ = {
			isa = PBXGroup;
			children = (
				CF9DBD2C1E155E8A006D94F6 /* test.app */,
			);
			name = Products;
			sourceTree = "<group>";
		};
		CF9DBD2E1E155E8A006D94F6 /* test */ = {
			isa = PBXGroup;
			children = (
				CF9DBD321E155E8A006D94F6 /* AppDelegate.h */,
				CF9DBD331E155E8A006D94F6 /* AppDelegate.m */,
				CF9DBD351E155E8A006D94F6 /* ViewController.h */,
				CF9DBD361E155E8A006D94F6 /* ViewController.m */,
				CF9DBD381E155E8A006D94F6 /* Main.storyboard */,
				CF9DBD3B1E155E8A006D94F6 /* Assets.xcassets */,
				CF9DBD3D1E155E8A006D94F6 /* LaunchScreen.storyboard */,
				CF9DBD401E155E8A006D94F6 /* Info.plist */,
				CF9DBD2F1E155E8A006D94F6 /* Supporting Files */,
				CF9DBD461E1560F2006D94F6 /* Person.h */,
				CF9DBD471E1560F2006D94F6 /* Person.m */,
			);
			path = test;
			sourceTree = "<group>";
		};
		CF9DBD2F1E155E8A006D94F6 /* Supporting Files */ = {
			isa = PBXGroup;
			children = (
				CF9DBD301E155E8A006D94F6 /* main.m */,
			);
			name = "Supporting Files";
			sourceTree = "<group>";
		};
/* End PBXGroup section */

/* Begin PBXNativeTarget section */
		CF9DBD2B1E155E8A006D94F6 /* test */ = {
			isa = PBXNativeTarget;
			buildConfigurationList = CF9DBD431E155E8A006D94F6 /* Build configuration list for PBXNativeTarget "test" */;
			buildPhases = (
				CF9DBD281E155E8A006D94F6 /* Sources */,
				CF9DBD291E155E8A006D94F6 /* Frameworks */,
				CF9DBD2A1E155E8A006D94F6 /* Resources */,
			);
			buildRules = (
			);
			dependencies = (
			);
			name = test;
			productName = test;
			productReference = CF9DBD2C1E155E8A006D94F6 /* test.app */;
			productType = "com.apple.product-type.application";
		};
/* End PBXNativeTarget section */

/* Begin PBXProject section */
		CF9DBD241E155E8A006D94F6 /* Project object */ = {
			isa = PBXProject;
			attributes = {
				LastUpgradeCheck = 0820;
				ORGANIZATIONNAME = SummerSam;
				TargetAttributes = {
					CF9DBD2B1E155E8A006D94F6 = {
						CreatedOnToolsVersion = 8.2;
						ProvisioningStyle = Automatic;
					};
				};
			};
			buildConfigurationList = CF9DBD271E155E8A006D94F6 /* Build configuration list for PBXProject "test" */;
			compatibilityVersion = "Xcode 3.2";
			developmentRegion = English;
			hasScannedForEncodings = 0;
			knownRegions = (
				en,
				Base,
			);
			mainGroup = CF9DBD231E155E89006D94F6;
			productRefGroup = CF9DBD2D1E155E8A006D94F6 /* Products */;
			projectDirPath = "";
			projectRoot = "";
			targets = (
				CF9DBD2B1E155E8A006D94F6 /* test */,
			);
		};
/* End PBXProject section */

/* Begin PBXResourcesBuildPhase section */
		CF9DBD2A1E155E8A006D94F6 /* Resources */ = {
			isa = PBXResourcesBuildPhase;
			buildActionMask = 2147483647;
			files = (
				CF9DBD3F1E155E8A006D94F6 /* LaunchScreen.storyboard in Resources */,
				CF9DBD3C1E155E8A006D94F6 /* Assets.xcassets in Resources */,
				CF9DBD3A1E155E8A006D94F6 /* Main.storyboard in Resources */,
			);
			runOnlyForDeploymentPostprocessing = 0;
		};
/* End PBXResourcesBuildPhase section */

/* Begin PBXSourcesBuildPhase section */
		CF9DBD281E155E8A006D94F6 /* Sources */ = {
			isa = PBXSourcesBuildPhase;
			buildActionMask = 2147483647;
			files = (
				CF9DBD371E155E8A006D94F6 /* ViewController.m in Sources */,
				CF9DBD341E155E8A006D94F6 /* AppDelegate.m in Sources */,
				CF9DBD481E1560F2006D94F6 /* Person.m in Sources */,
				CF9DBD311E155E8A006D94F6 /* main.m in Sources */,
			);
			runOnlyForDeploymentPostprocessing = 0;
		};
/* End PBXSourcesBuildPhase section */

/* Begin PBXVariantGroup section */
		CF9DBD381E155E8A006D94F6 /* Main.storyboard */ = {
			isa = PBXVariantGroup;
			children = (
				CF9DBD391E155E8A006D94F6 /* Base */,
			);
			name = Main.storyboard;
			sourceTree = "<group>";
		};
		CF9DBD3D1E155E8A006D94F6 /* LaunchScreen.storyboard */ = {
			isa = PBXVariantGroup;
			children = (
				CF9DBD3E1E155E8A006D94F6 /* Base */,
			);
			name = LaunchScreen.storyboard;
			sourceTree = "<group>";
		};
/* End PBXVariantGroup section */

/* Begin XCBuildConfiguration section */
		CF9DBD411E155E8A006D94F6 /* Debug */ = {
			isa = XCBuildConfiguration;
			buildSettings = {
				ALWAYS_SEARCH_USER_PATHS = NO;
				CLANG_ANALYZER_NONNULL = YES;
				CLANG_CXX_LANGUAGE_STANDARD = "gnu++0x";
				CLANG_CXX_LIBRARY = "libc++";
				CLANG_ENABLE_MODULES = YES;
				CLANG_ENABLE_OBJC_ARC = YES;
				CLANG_WARN_BOOL_CONVERSION = YES;
				CLANG_WARN_CONSTANT_CONVERSION = YES;
				CLANG_WARN_DIRECT_OBJC_ISA_USAGE = YES_ERROR;
				CLANG_WARN_DOCUMENTATION_COMMENTS = YES;
				CLANG_WARN_EMPTY_BODY = YES;
				CLANG_WARN_ENUM_CONVERSION = YES;
				CLANG_WARN_INFINITE_RECURSION = YES;
				CLANG_WARN_INT_CONVERSION = YES;
				CLANG_WARN_OBJC_ROOT_CLASS = YES_ERROR;
				CLANG_WARN_SUSPICIOUS_MOVE = YES;
				CLANG_WARN_UNREACHABLE_CODE = YES;
				CLANG_WARN__DUPLICATE_METHOD_MATCH = YES;
				"CODE_SIGN_IDENTITY[sdk=iphoneos*]" = "iPhone Developer";
				COPY_PHASE_STRIP = NO;
				DEBUG_INFORMATION_FORMAT = dwarf;
				ENABLE_STRICT_OBJC_MSGSEND = YES;
				ENABLE_TESTABILITY = YES;
				GCC_C_LANGUAGE_STANDARD = gnu99;
				GCC_DYNAMIC_NO_PIC = NO;
				GCC_NO_COMMON_BLOCKS = YES;
				GCC_OPTIMIZATION_LEVEL = 0;
				GCC_PREPROCESSOR_DEFINITIONS = (
					"DEBUG=1",
					"$(inherited)",
				);
				GCC_WARN_64_TO_32_BIT_CONVERSION = YES;
				GCC_WARN_ABOUT_RETURN_TYPE = YES_ERROR;
				GCC_WARN_UNDECLARED_SELECTOR = YES;
				GCC_WARN_UNINITIALIZED_AUTOS = YES_AGGRESSIVE;
				GCC_WARN_UNUSED_FUNCTION = YES;
				GCC_WARN_UNUSED_VARIABLE = YES;
				IPHONEOS_DEPLOYMENT_TARGET = 10.2;
				MTL_ENABLE_DEBUG_INFO = YES;
				ONLY_ACTIVE_ARCH = YES;
				SDKROOT = iphoneos;
				TARGETED_DEVICE_FAMILY = "1,2";
			};
			name = Debug;
		};
		CF9DBD421E155E8A006D94F6 /* Release */ = {
			isa = XCBuildConfiguration;
			buildSettings = {
				ALWAYS_SEARCH_USER_PATHS = NO;
				CLANG_ANALYZER_NONNULL = YES;
				CLANG_CXX_LANGUAGE_STANDARD = "gnu++0x";
				CLANG_CXX_LIBRARY = "libc++";
				CLANG_ENABLE_MODULES = YES;
				CLANG_ENABLE_OBJC_ARC = YES;
				CLANG_WARN_BOOL_CONVERSION = YES;
				CLANG_WARN_CONSTANT_CONVERSION = YES;
				CLANG_WARN_DIRECT_OBJC_ISA_USAGE = YES_ERROR;
				CLANG_WARN_DOCUMENTATION_COMMENTS = YES;
				CLANG_WARN_EMPTY_BODY = YES;
				CLANG_WARN_ENUM_CONVERSION = YES;
				CLANG_WARN_INFINITE_RECURSION = YES;
				CLANG_WARN_INT_CONVERSION = YES;
				CLANG_WARN_OBJC_ROOT_CLASS = YES_ERROR;
				CLANG_WARN_SUSPICIOUS_MOVE = YES;
				CLANG_WARN_UNREACHABLE_CODE = YES;
				CLANG_WARN__DUPLICATE_METHOD_MATCH = YES;
				"CODE_SIGN_IDENTITY[sdk=iphoneos*]" = "iPhone Developer";
				COPY_PHASE_STRIP = NO;
				DEBUG_INFORMATION_FORMAT = "dwarf-with-dsym";
				ENABLE_NS_ASSERTIONS = NO;
				ENABLE_STRICT_OBJC_MSGSEND = YES;
				GCC_C_LANGUAGE_STANDARD = gnu99;
				GCC_NO_COMMON_BLOCKS = YES;
				GCC_WARN_64_TO_32_BIT_CONVERSION = YES;
				GCC_WARN_ABOUT_RETURN_TYPE = YES_ERROR;
				GCC_WARN_UNDECLARED_SELECTOR = YES;
				GCC_WARN_UNINITIALIZED_AUTOS = YES_AGGRESSIVE;
				GCC_WARN_UNUSED_FUNCTION = YES;
				GCC_WARN_UNUSED_VARIABLE = YES;
				IPHONEOS_DEPLOYMENT_TARGET = 10.2;
				MTL_ENABLE_DEBUG_INFO = NO;
				SDKROOT = iphoneos;
				TARGETED_DEVICE_FAMILY = "1,2";
				VALIDATE_PRODUCT = YES;
			};
			name = Release;
		};
		CF9DBD441E155E8A006D94F6 /* Debug */ = {
			isa = XCBuildConfiguration;
			buildSettings = {
				ASSETCATALOG_COMPILER_APPICON_NAME = AppIcon;
				INFOPLIST_FILE = test/Info.plist;
				LD_RUNPATH_SEARCH_PATHS = "$(inherited) @executable_path/Frameworks";
				PRODUCT_BUNDLE_IDENTIFIER = com.summersam.www.test;
				PRODUCT_NAME = "$(TARGET_NAME)";
			};
			name = Debug;
		};
		CF9DBD451E155E8A006D94F6 /* Release */ = {
			isa = XCBuildConfiguration;
			buildSettings = {
				ASSETCATALOG_COMPILER_APPICON_NAME = AppIcon;
				INFOPLIST_FILE = test/Info.plist;
				LD_RUNPATH_SEARCH_PATHS = "$(inherited) @executable_path/Frameworks";
				PRODUCT_BUNDLE_IDENTIFIER = com.summersam.www.test;
				PRODUCT_NAME = "$(TARGET_NAME)";
			};
			name = Release;
		};
/* End XCBuildConfiguration section */

/* Begin XCConfigurationList section */
		CF9DBD271E155E8A006D94F6 /* Build configuration list for PBXProject "test" */ = {
			isa = XCConfigurationList;
			buildConfigurations = (
				CF9DBD411E155E8A006D94F6 /* Debug */,
				CF9DBD421E155E8A006D94F6 /* Release */,
			);
			defaultConfigurationIsVisible = 0;
			defaultConfigurationName = Release;
		};
		CF9DBD431E155E8A006D94F6 /* Build configuration list for PBXNativeTarget "test" */ = {
			isa = XCConfigurationList;
			buildConfigurations = (
				CF9DBD441E155E8A006D94F6 /* Debug */,
				CF9DBD451E155E8A006D94F6 /* Release */,
			);
			defaultConfigurationIsVisible = 0;
		};
/* End XCConfigurationList section */
	};
	rootObject = CF9DBD241E155E8A006D94F6 /* Project object */;
}
